
Microsoft Visual Studio Solution File, Format Version 12.00
# Visual Studio Version 17
VisualStudioVersion = 17.12.35527.113
MinimumVisualStudioVersion = 10.0.40219.1
Project("{2150E333-8FDC-42A3-9474-1A3956D46DE8}") = "Presentation", "Presentation", "{23073A6A-CFF6-47D7-A0B1-901C9753168C}"
EndProject
Project("{FAE04EC0-301F-11D3-BF4B-00C04F79EFBC}") = "Caz.WebApi", "Caz.WebApi\Caz.WebApi.csproj", "{1DD74AD9-C02F-4F4B-AEF4-BA18702B02C1}"
EndProject
Project("{2150E333-8FDC-42A3-9474-1A3956D46DE8}") = "Domain", "Domain", "{F9829945-42A6-44EF-9715-EDEA10967FD7}"
EndProject
Project("{FAE04EC0-301F-11D3-BF4B-00C04F79EFBC}") = "Caz.Domain", "Caz.Domain\Caz.Domain.csproj", "{F043D62F-FF9C-4581-909F-692CE0B2496D}"
EndProject
Project("{2150E333-8FDC-42A3-9474-1A3956D46DE8}") = "Infrastructure", "Infrastructure", "{8C7EB76D-2C01-4A32-A1F3-58218C95AAC1}"
EndProject
Project("{2150E333-8FDC-42A3-9474-1A3956D46DE8}") = "Application", "Application", "{4ABEDD52-F425-45F8-9D4F-E69468F44680}"
EndProject
Project("{FAE04EC0-301F-11D3-BF4B-00C04F79EFBC}") = "Caz.Application", "Caz.Application\Caz.Application.csproj", "{85172406-DECB-4E02-85DF-840E4F28600F}"
EndProject
Global
	GlobalSection(SolutionConfigurationPlatforms) = preSolution
		Debug|Any CPU = Debug|Any CPU
		Release|Any CPU = Release|Any CPU
	EndGlobalSection
	GlobalSection(ProjectConfigurationPlatforms) = postSolution
		{1DD74AD9-C02F-4F4B-AEF4-BA18702B02C1}.Debug|Any CPU.ActiveCfg = Debug|Any CPU
		{1DD74AD9-C02F-4F4B-AEF4-BA18702B02C1}.Debug|Any CPU.Build.0 = Debug|Any CPU
		{1DD74AD9-C02F-4F4B-AEF4-BA18702B02C1}.Release|Any CPU.ActiveCfg = Release|Any CPU
		{1DD74AD9-C02F-4F4B-AEF4-BA18702B02C1}.Release|Any CPU.Build.0 = Release|Any CPU
		{F043D62F-FF9C-4581-909F-692CE0B2496D}.Debug|Any CPU.ActiveCfg = Debug|Any CPU
		{F043D62F-FF9C-4581-909F-692CE0B2496D}.Debug|Any CPU.Build.0 = Debug|Any CPU
		{F043D62F-FF9C-4581-909F-692CE0B2496D}.Release|Any CPU.ActiveCfg = Release|Any CPU
		{F043D62F-FF9C-4581-909F-692CE0B2496D}.Release|Any CPU.Build.0 = Release|Any CPU
		{85172406-DECB-4E02-85DF-840E4F28600F}.Debug|Any CPU.ActiveCfg = Debug|Any CPU
		{85172406-DECB-4E02-85DF-840E4F28600F}.Debug|Any CPU.Build.0 = Debug|Any CPU
		{85172406-DECB-4E02-85DF-840E4F28600F}.Release|Any CPU.ActiveCfg = Release|Any CPU
		{85172406-DECB-4E02-85DF-840E4F28600F}.Release|Any CPU.Build.0 = Release|Any CPU
	EndGlobalSection
	GlobalSection(SolutionProperties) = preSolution
		HideSolutionNode = FALSE
	EndGlobalSection
	GlobalSection(NestedProjects) = preSolution
		{1DD74AD9-C02F-4F4B-AEF4-BA18702B02C1} = {23073A6A-CFF6-47D7-A0B1-901C9753168C}
		{F043D62F-FF9C-4581-909F-692CE0B2496D} = {F9829945-42A6-44EF-9715-EDEA10967FD7}
		{4ABEDD52-F425-45F8-9D4F-E69468F44680} = {F9829945-42A6-44EF-9715-EDEA10967FD7}
		{85172406-DECB-4E02-85DF-840E4F28600F} = {4ABEDD52-F425-45F8-9D4F-E69468F44680}
	EndGlobalSection
EndGlobal
